
Microsoft Visual Studio Solution File, Format Version 12.00
# Visual Studio Version 16
VisualStudioVersion = 16.0.31112.23
MinimumVisualStudioVersion = 10.0.40219.1
Project("{FAE04EC0-301F-11D3-BF4B-00C04F79EFBC}") = "Estudo de MDI Parent", "Estudo de MDI Parent\Estudo de MDI Parent.csproj", "{C9EFE07A-D0C9-4565-BFCC-4C56ECA74957}"
EndProject
Global
	GlobalSection(SolutionConfigurationPlatforms) = preSolution
		Debug|Any CPU = Debug|Any CPU
		Release|Any CPU = Release|Any CPU
	EndGlobalSection
	GlobalSection(ProjectConfigurationPlatforms) = postSolution
		{C9EFE07A-D0C9-4565-BFCC-4C56ECA74957}.Debug|Any CPU.ActiveCfg = Debug|Any CPU
		{C9EFE07A-D0C9-4565-BFCC-4C56ECA74957}.Debug|Any CPU.Build.0 = Debug|Any CPU
		{C9EFE07A-D0C9-4565-BFCC-4C56ECA74957}.Release|Any CPU.ActiveCfg = Release|Any CPU
		{C9EFE07A-D0C9-4565-BFCC-4C56ECA74957}.Release|Any CPU.Build.0 = Release|Any CPU
	EndGlobalSection
	GlobalSection(SolutionProperties) = preSolution
		HideSolutionNode = FALSE
	EndGlobalSection
	GlobalSection(ExtensibilityGlobals) = postSolution
		SolutionGuid = {BB0A961A-1AFF-4EA0-8E1D-51773B79A9C5}
	EndGlobalSection
EndGlobal
